{
  "name": "@spectrum/sp-toast",
  "version": "0.0.1",
  "lockfileVersion": 1,
  "requires": true,
  "dependencies": {
    "@spectrum/sp-base": {
      "version": "git+https://github.com/emexal-company/sp-base.git#0dc7afb2149ff540eb0877506e47dd532d6826af",
      "from": "git+https://github.com/emexal-company/sp-base.git",
      "requires": {
        "@spectrum/sp-config": "git+https://github.com/emexal-company/sp-config.git",
        "lit-element": "^2.4.0",
        "tslib": "^2.0.1"
      }
    },
    "@spectrum/sp-button": {
      "version": "git+https://github.com/emexal-company/sp-button.git#c67e87cbfe99a9889b9f05c2d7900faccdcf4c4b",
      "from": "git+https://github.com/emexal-company/sp-button.git",
      "requires": {
        "@spectrum/sp-base": "git+https://github.com/emexal-company/sp-base.git",
        "@spectrum/sp-config": "git+https://github.com/emexal-company/sp-config.git",
        "@spectrum/sp-icon": "git+https://github.com/emexal-company/sp-icon.git",
        "lit-element": "^2.4.0",
        "tslib": "^2.0.1"
      }
    },
    "@spectrum/sp-config": {
      "version": "git+https://github.com/emexal-company/sp-config.git#e3eff4bf591341b81e12e2963f3d0f198c276773",
      "from": "git+https://github.com/emexal-company/sp-config.git",
      "requires": {
        "lit-element": "^2.4.0",
        "tslib": "^2.0.1"
      }
    },
    "@spectrum/sp-icon": {
      "version": "git+https://github.com/emexal-company/sp-icon.git#9da64184abadb75edb2cb8eeee5a1fc17fc6f984",
      "from": "git+https://github.com/emexal-company/sp-icon.git",
      "requires": {
        "@spectrum/sp-base": "git+https://github.com/emexal-company/sp-base.git",
        "@spectrum/sp-config": "git+https://github.com/emexal-company/sp-config.git",
        "lit-element": "^2.4.0",
        "tslib": "^2.0.1"
      }
    },
    "lit-element": {
      "version": "2.4.0",
      "resolved": "https://registry.npmjs.org/lit-element/-/lit-element-2.4.0.tgz",
      "integrity": "sha512-pBGLglxyhq/Prk2H91nA0KByq/hx/wssJBQFiYqXhGDvEnY31PRGYf1RglVzyLeRysu0IHm2K0P196uLLWmwFg==",
      "requires": {
        "lit-html": "^1.1.1"
      }
    },
    "lit-html": {
      "version": "1.3.0",
      "resolved": "https://registry.npmjs.org/lit-html/-/lit-html-1.3.0.tgz",
      "integrity": "sha512-0Q1bwmaFH9O14vycPHw8C/IeHMk/uSDldVLIefu/kfbTBGIc44KGH6A8p1bDfxUfHdc8q6Ct7kQklWoHgr4t1Q=="
    },
    "tslib": {
      "version": "2.0.3",
      "resolved": "https://registry.npmjs.org/tslib/-/tslib-2.0.3.tgz",
      "integrity": "sha512-uZtkfKblCEQtZKBF6EBXVZeQNl82yqtDQdv+eck8u7tdPxjLu2/lp5/uPW+um2tpuxINHWy3GhiccY7QgEaVHQ=="
    },
    "typescript": {
      "version": "3.9.7",
      "resolved": "https://registry.npmjs.org/typescript/-/typescript-3.9.7.tgz",
      "integrity": "sha512-BLbiRkiBzAwsjut4x/dsibSTB6yWpwT5qWmC2OfuCg3GgVQCSgMs4vEctYPhsaGtd0AeuuHMkjZ2h2WG8MSzRw==",
      "dev": true
    }
  }
}
